
Microsoft Visual Studio Solution File, Format Version 12.00
# Visual Studio Version 17
VisualStudioVersion = 17.4.33213.308
MinimumVisualStudioVersion = 10.0.40219.1
Project("{FAE04EC0-301F-11D3-BF4B-00C04F79EFBC}") = "konsola cz.2", "konsola cz.2.csproj", "{011740A6-CB96-4A80-A82A-2E4B014FDF97}"
EndProject
Global
	GlobalSection(SolutionConfigurationPlatforms) = preSolution
		Debug|Any CPU = Debug|Any CPU
		Release|Any CPU = Release|Any CPU
	EndGlobalSection
	GlobalSection(ProjectConfigurationPlatforms) = postSolution
		{011740A6-CB96-4A80-A82A-2E4B014FDF97}.Debug|Any CPU.ActiveCfg = Debug|Any CPU
		{011740A6-CB96-4A80-A82A-2E4B014FDF97}.Debug|Any CPU.Build.0 = Debug|Any CPU
		{011740A6-CB96-4A80-A82A-2E4B014FDF97}.Release|Any CPU.ActiveCfg = Release|Any CPU
		{011740A6-CB96-4A80-A82A-2E4B014FDF97}.Release|Any CPU.Build.0 = Release|Any CPU
	EndGlobalSection
	GlobalSection(SolutionProperties) = preSolution
		HideSolutionNode = FALSE
	EndGlobalSection
	GlobalSection(ExtensibilityGlobals) = postSolution
		SolutionGuid = {C89E2B91-25CF-4E29-B89C-DA1DF08924E2}
	EndGlobalSection
EndGlobal
